
Microsoft Visual Studio Solution File, Format Version 12.00
# Visual Studio 15
VisualStudioVersion = 15.0.27004.2002
MinimumVisualStudioVersion = 10.0.40219.1
Project("{FAE04EC0-301F-11D3-BF4B-00C04F79EFBC}") = "Lab5(Работа с потоками)", "Lab5(Работа с потоками)\Lab5(Работа с потоками).csproj", "{6DA2678E-93AE-468D-AFC0-2732EBFFABE4}"
EndProject
Global
	GlobalSection(SolutionConfigurationPlatforms) = preSolution
		Debug|Any CPU = Debug|Any CPU
		Release|Any CPU = Release|Any CPU
	EndGlobalSection
	GlobalSection(ProjectConfigurationPlatforms) = postSolution
		{6DA2678E-93AE-468D-AFC0-2732EBFFABE4}.Debug|Any CPU.ActiveCfg = Debug|Any CPU
		{6DA2678E-93AE-468D-AFC0-2732EBFFABE4}.Debug|Any CPU.Build.0 = Debug|Any CPU
		{6DA2678E-93AE-468D-AFC0-2732EBFFABE4}.Release|Any CPU.ActiveCfg = Release|Any CPU
		{6DA2678E-93AE-468D-AFC0-2732EBFFABE4}.Release|Any CPU.Build.0 = Release|Any CPU
	EndGlobalSection
	GlobalSection(SolutionProperties) = preSolution
		HideSolutionNode = FALSE
	EndGlobalSection
	GlobalSection(ExtensibilityGlobals) = postSolution
		SolutionGuid = {1143FC4C-6899-4BE6-BF0A-081F49255309}
	EndGlobalSection
EndGlobal
